
Microsoft Visual Studio Solution File, Format Version 12.00
# Visual Studio Version 17
VisualStudioVersion = 17.9.34526.213
MinimumVisualStudioVersion = 10.0.40219.1
Project("{2150E333-8FDC-42A3-9474-1A3956D46DE8}") = "Ch01", "Ch01", "{5AB9C935-32F1-4522-A8CF-F90E6545B73A}"
EndProject
Project("{9A19103F-16F7-4668-BE54-9A1E7A4F7556}") = "Ch01", "Ch01\Ch01\Ch01.csproj", "{AD270364-B8CB-42C1-9775-98763BB892C0}"
EndProject
Project("{9A19103F-16F7-4668-BE54-9A1E7A4F7556}") = "HelloCS", "Ch01\HelloCS\HelloCS.csproj", "{2A1F505E-AB44-4159-9B4B-3AAEE5CCBC13}"
EndProject
Project("{9A19103F-16F7-4668-BE54-9A1E7A4F7556}") = "HelloEnvironment", "Ch01\HelloEnvironment\HelloEnvironment.csproj", "{B0635229-D18F-4CBD-8386-8E9BB0EEAF8F}"
EndProject
Project("{2150E333-8FDC-42A3-9474-1A3956D46DE8}") = "Ch02", "Ch02", "{53AA0E03-8B4B-4BCE-8136-2C3919EB5A45}"
EndProject
Project("{9A19103F-16F7-4668-BE54-9A1E7A4F7556}") = "Ch02", "Ch02\Ch02\Ch02.csproj", "{AB04E01D-FF69-48BF-B1B7-7F7459230FAC}"
EndProject
Project("{9A19103F-16F7-4668-BE54-9A1E7A4F7556}") = "DataTypesDemo", "Ch02\DataTypesDemo\DataTypesDemo.csproj", "{D34C1FF1-899E-443C-B6FD-637E7E38E935}"
EndProject
Project("{9A19103F-16F7-4668-BE54-9A1E7A4F7556}") = "StringsDemo", "Ch02\StringsDemo\StringsDemo.csproj", "{AF756906-0BB4-4335-A118-C60E95DCA838}"
EndProject
Project("{2150E333-8FDC-42A3-9474-1A3956D46DE8}") = "Libraries", "Libraries", "{AEDAE37A-2EF4-4DDD-A8F4-DAFD5DA010F7}"
EndProject
Project("{9A19103F-16F7-4668-BE54-9A1E7A4F7556}") = "HeaderFooter", "..\Libraries\src\HeaderFooter\HeaderFooter.csproj", "{E786E153-2BE9-4CDA-8052-FF76A6E38444}"
EndProject
Project("{9A19103F-16F7-4668-BE54-9A1E7A4F7556}") = "ConsoleColorStyleLib", "..\Libraries\src\ConsoleColorStyleLib\ConsoleColorStyleLib.csproj", "{BA24DF49-1D19-4BF7-B67D-4462A5F9A15A}"
EndProject
Project("{9A19103F-16F7-4668-BE54-9A1E7A4F7556}") = "CoreServices.Runner", "..\Libraries\src\CoreServices.Runner\CoreServices.Runner.csproj", "{D2D442A1-CCEF-4D13-94A9-46A39C485914}"
EndProject
Project("{9A19103F-16F7-4668-BE54-9A1E7A4F7556}") = "NamesGenerator", "..\Libraries\src\NamesGenerator\NamesGenerator.csproj", "{EF1384A5-9591-484F-9D5C-55AC0ACD326F}"
EndProject
Project("{9A19103F-16F7-4668-BE54-9A1E7A4F7556}") = "PrintHelperLib", "..\Libraries\src\PrintHelperLib\PrintHelperLib.csproj", "{9968D539-E296-4B0D-A7CB-C05EDEB3DFC8}"
EndProject
Project("{9A19103F-16F7-4668-BE54-9A1E7A4F7556}") = "A1CompilerVersion", "Ch02\A1CompilerVersion\A1CompilerVersion.csproj", "{CFF386C2-8B3E-4879-A262-A2A0B56AF548}"
EndProject
Project("{9A19103F-16F7-4668-BE54-9A1E7A4F7556}") = "A2Vocabulary", "Ch02\A2Vocabulary\A2Vocabulary.csproj", "{95F442E7-CAEC-409C-AEF8-740DF229F9E3}"
EndProject
Project("{FAE04EC0-301F-11D3-BF4B-00C04F79EFBC}") = "A3NumbersDemo", "Ch02\A3NumbersDemo\A3NumbersDemo.csproj", "{ACCE168F-AA70-45A3-A48D-0281D1901FCF}"
EndProject
Project("{2150E333-8FDC-42A3-9474-1A3956D46DE8}") = "Solution Items", "Solution Items", "{C36B844D-A3C8-4D60-A405-35E02FCA1E36}"
	ProjectSection(SolutionItems) = preProject
		ReadMe.md = ReadMe.md
	EndProjectSection
EndProject
Global
	GlobalSection(SolutionConfigurationPlatforms) = preSolution
		Debug|Any CPU = Debug|Any CPU
		Release|Any CPU = Release|Any CPU
	EndGlobalSection
	GlobalSection(ProjectConfigurationPlatforms) = postSolution
		{AD270364-B8CB-42C1-9775-98763BB892C0}.Debug|Any CPU.ActiveCfg = Debug|Any CPU
		{AD270364-B8CB-42C1-9775-98763BB892C0}.Debug|Any CPU.Build.0 = Debug|Any CPU
		{AD270364-B8CB-42C1-9775-98763BB892C0}.Release|Any CPU.ActiveCfg = Release|Any CPU
		{AD270364-B8CB-42C1-9775-98763BB892C0}.Release|Any CPU.Build.0 = Release|Any CPU
		{2A1F505E-AB44-4159-9B4B-3AAEE5CCBC13}.Debug|Any CPU.ActiveCfg = Debug|Any CPU
		{2A1F505E-AB44-4159-9B4B-3AAEE5CCBC13}.Debug|Any CPU.Build.0 = Debug|Any CPU
		{2A1F505E-AB44-4159-9B4B-3AAEE5CCBC13}.Release|Any CPU.ActiveCfg = Release|Any CPU
		{2A1F505E-AB44-4159-9B4B-3AAEE5CCBC13}.Release|Any CPU.Build.0 = Release|Any CPU
		{B0635229-D18F-4CBD-8386-8E9BB0EEAF8F}.Debug|Any CPU.ActiveCfg = Debug|Any CPU
		{B0635229-D18F-4CBD-8386-8E9BB0EEAF8F}.Debug|Any CPU.Build.0 = Debug|Any CPU
		{B0635229-D18F-4CBD-8386-8E9BB0EEAF8F}.Release|Any CPU.ActiveCfg = Release|Any CPU
		{B0635229-D18F-4CBD-8386-8E9BB0EEAF8F}.Release|Any CPU.Build.0 = Release|Any CPU
		{AB04E01D-FF69-48BF-B1B7-7F7459230FAC}.Debug|Any CPU.ActiveCfg = Debug|Any CPU
		{AB04E01D-FF69-48BF-B1B7-7F7459230FAC}.Debug|Any CPU.Build.0 = Debug|Any CPU
		{AB04E01D-FF69-48BF-B1B7-7F7459230FAC}.Release|Any CPU.ActiveCfg = Release|Any CPU
		{AB04E01D-FF69-48BF-B1B7-7F7459230FAC}.Release|Any CPU.Build.0 = Release|Any CPU
		{D34C1FF1-899E-443C-B6FD-637E7E38E935}.Debug|Any CPU.ActiveCfg = Debug|Any CPU
		{D34C1FF1-899E-443C-B6FD-637E7E38E935}.Debug|Any CPU.Build.0 = Debug|Any CPU
		{D34C1FF1-899E-443C-B6FD-637E7E38E935}.Release|Any CPU.ActiveCfg = Release|Any CPU
		{D34C1FF1-899E-443C-B6FD-637E7E38E935}.Release|Any CPU.Build.0 = Release|Any CPU
		{AF756906-0BB4-4335-A118-C60E95DCA838}.Debug|Any CPU.ActiveCfg = Debug|Any CPU
		{AF756906-0BB4-4335-A118-C60E95DCA838}.Debug|Any CPU.Build.0 = Debug|Any CPU
		{AF756906-0BB4-4335-A118-C60E95DCA838}.Release|Any CPU.ActiveCfg = Release|Any CPU
		{AF756906-0BB4-4335-A118-C60E95DCA838}.Release|Any CPU.Build.0 = Release|Any CPU
		{E786E153-2BE9-4CDA-8052-FF76A6E38444}.Debug|Any CPU.ActiveCfg = Debug|Any CPU
		{E786E153-2BE9-4CDA-8052-FF76A6E38444}.Debug|Any CPU.Build.0 = Debug|Any CPU
		{E786E153-2BE9-4CDA-8052-FF76A6E38444}.Release|Any CPU.ActiveCfg = Release|Any CPU
		{E786E153-2BE9-4CDA-8052-FF76A6E38444}.Release|Any CPU.Build.0 = Release|Any CPU
		{BA24DF49-1D19-4BF7-B67D-4462A5F9A15A}.Debug|Any CPU.ActiveCfg = Debug|Any CPU
		{BA24DF49-1D19-4BF7-B67D-4462A5F9A15A}.Debug|Any CPU.Build.0 = Debug|Any CPU
		{BA24DF49-1D19-4BF7-B67D-4462A5F9A15A}.Release|Any CPU.ActiveCfg = Release|Any CPU
		{BA24DF49-1D19-4BF7-B67D-4462A5F9A15A}.Release|Any CPU.Build.0 = Release|Any CPU
		{D2D442A1-CCEF-4D13-94A9-46A39C485914}.Debug|Any CPU.ActiveCfg = Debug|Any CPU
		{D2D442A1-CCEF-4D13-94A9-46A39C485914}.Debug|Any CPU.Build.0 = Debug|Any CPU
		{D2D442A1-CCEF-4D13-94A9-46A39C485914}.Release|Any CPU.ActiveCfg = Release|Any CPU
		{D2D442A1-CCEF-4D13-94A9-46A39C485914}.Release|Any CPU.Build.0 = Release|Any CPU
		{EF1384A5-9591-484F-9D5C-55AC0ACD326F}.Debug|Any CPU.ActiveCfg = Debug|Any CPU
		{EF1384A5-9591-484F-9D5C-55AC0ACD326F}.Debug|Any CPU.Build.0 = Debug|Any CPU
		{EF1384A5-9591-484F-9D5C-55AC0ACD326F}.Release|Any CPU.ActiveCfg = Release|Any CPU
		{EF1384A5-9591-484F-9D5C-55AC0ACD326F}.Release|Any CPU.Build.0 = Release|Any CPU
		{9968D539-E296-4B0D-A7CB-C05EDEB3DFC8}.Debug|Any CPU.ActiveCfg = Debug|Any CPU
		{9968D539-E296-4B0D-A7CB-C05EDEB3DFC8}.Debug|Any CPU.Build.0 = Debug|Any CPU
		{9968D539-E296-4B0D-A7CB-C05EDEB3DFC8}.Release|Any CPU.ActiveCfg = Release|Any CPU
		{9968D539-E296-4B0D-A7CB-C05EDEB3DFC8}.Release|Any CPU.Build.0 = Release|Any CPU
		{CFF386C2-8B3E-4879-A262-A2A0B56AF548}.Debug|Any CPU.ActiveCfg = Debug|Any CPU
		{CFF386C2-8B3E-4879-A262-A2A0B56AF548}.Debug|Any CPU.Build.0 = Debug|Any CPU
		{CFF386C2-8B3E-4879-A262-A2A0B56AF548}.Release|Any CPU.ActiveCfg = Release|Any CPU
		{CFF386C2-8B3E-4879-A262-A2A0B56AF548}.Release|Any CPU.Build.0 = Release|Any CPU
		{95F442E7-CAEC-409C-AEF8-740DF229F9E3}.Debug|Any CPU.ActiveCfg = Debug|Any CPU
		{95F442E7-CAEC-409C-AEF8-740DF229F9E3}.Debug|Any CPU.Build.0 = Debug|Any CPU
		{95F442E7-CAEC-409C-AEF8-740DF229F9E3}.Release|Any CPU.ActiveCfg = Release|Any CPU
		{95F442E7-CAEC-409C-AEF8-740DF229F9E3}.Release|Any CPU.Build.0 = Release|Any CPU
		{ACCE168F-AA70-45A3-A48D-0281D1901FCF}.Debug|Any CPU.ActiveCfg = Debug|Any CPU
		{ACCE168F-AA70-45A3-A48D-0281D1901FCF}.Debug|Any CPU.Build.0 = Debug|Any CPU
		{ACCE168F-AA70-45A3-A48D-0281D1901FCF}.Release|Any CPU.ActiveCfg = Release|Any CPU
		{ACCE168F-AA70-45A3-A48D-0281D1901FCF}.Release|Any CPU.Build.0 = Release|Any CPU
	EndGlobalSection
	GlobalSection(SolutionProperties) = preSolution
		HideSolutionNode = FALSE
	EndGlobalSection
	GlobalSection(NestedProjects) = preSolution
		{AD270364-B8CB-42C1-9775-98763BB892C0} = {5AB9C935-32F1-4522-A8CF-F90E6545B73A}
		{2A1F505E-AB44-4159-9B4B-3AAEE5CCBC13} = {5AB9C935-32F1-4522-A8CF-F90E6545B73A}
		{B0635229-D18F-4CBD-8386-8E9BB0EEAF8F} = {5AB9C935-32F1-4522-A8CF-F90E6545B73A}
		{AB04E01D-FF69-48BF-B1B7-7F7459230FAC} = {53AA0E03-8B4B-4BCE-8136-2C3919EB5A45}
		{D34C1FF1-899E-443C-B6FD-637E7E38E935} = {53AA0E03-8B4B-4BCE-8136-2C3919EB5A45}
		{AF756906-0BB4-4335-A118-C60E95DCA838} = {53AA0E03-8B4B-4BCE-8136-2C3919EB5A45}
		{E786E153-2BE9-4CDA-8052-FF76A6E38444} = {AEDAE37A-2EF4-4DDD-A8F4-DAFD5DA010F7}
		{BA24DF49-1D19-4BF7-B67D-4462A5F9A15A} = {AEDAE37A-2EF4-4DDD-A8F4-DAFD5DA010F7}
		{D2D442A1-CCEF-4D13-94A9-46A39C485914} = {AEDAE37A-2EF4-4DDD-A8F4-DAFD5DA010F7}
		{EF1384A5-9591-484F-9D5C-55AC0ACD326F} = {AEDAE37A-2EF4-4DDD-A8F4-DAFD5DA010F7}
		{9968D539-E296-4B0D-A7CB-C05EDEB3DFC8} = {AEDAE37A-2EF4-4DDD-A8F4-DAFD5DA010F7}
		{CFF386C2-8B3E-4879-A262-A2A0B56AF548} = {53AA0E03-8B4B-4BCE-8136-2C3919EB5A45}
		{95F442E7-CAEC-409C-AEF8-740DF229F9E3} = {53AA0E03-8B4B-4BCE-8136-2C3919EB5A45}
		{ACCE168F-AA70-45A3-A48D-0281D1901FCF} = {53AA0E03-8B4B-4BCE-8136-2C3919EB5A45}
	EndGlobalSection
	GlobalSection(ExtensibilityGlobals) = postSolution
		SolutionGuid = {9686B379-4FB2-4776-8142-48E38190603C}
	EndGlobalSection
EndGlobal
